// !$*UTF8*$!
{
	archiveVersion = 1;
	classes = {
	};
	objectVersion = 46;
	objects = {

/* Begin PBXBuildFile section */
		01DABCA11A9B940700C096AA /* main.m in Sources */ = {isa = PBXBuildFile; fileRef = 01DABCA01A9B940700C096AA /* main.m */; };
		01DABCA41A9B940700C096AA /* AppDelegate.m in Sources */ = {isa = PBXBuildFile; fileRef = 01DABCA31A9B940700C096AA /* AppDelegate.m */; };
		01DABCA71A9B940700C096AA /* ViewController.m in Sources */ = {isa = PBXBuildFile; fileRef = 01DABCA61A9B940700C096AA /* ViewController.m */; };
		01DABCAA1A9B940700C096AA /* Main.storyboard in Resources */ = {isa = PBXBuildFile; fileRef = 01DABCA81A9B940700C096AA /* Main.storyboard */; };
		01DABCAC1A9B940700C096AA /* Images.xcassets in Resources */ = {isa = PBXBuildFile; fileRef = 01DABCAB1A9B940700C096AA /* Images.xcassets */; };
		01DABCAF1A9B940700C096AA /* LaunchScreen.xib in Resources */ = {isa = PBXBuildFile; fileRef = 01DABCAD1A9B940700C096AA /* LaunchScreen.xib */; };
		01DABCBB1A9B940700C096AA /* InfiniteScrollTests.m in Sources */ = {isa = PBXBuildFile; fileRef = 01DABCBA1A9B940700C096AA /* InfiniteScrollTests.m */; };
/* End PBXBuildFile section */

/* Begin PBXContainerItemProxy section */
		01DABCB51A9B940700C096AA /* PBXContainerItemProxy */ = {
			isa = PBXContainerItemProxy;
			containerPortal = 01DABC931A9B940700C096AA /* Project object */;
			proxyType = 1;
			remoteGlobalIDString = 01DABC9A1A9B940700C096AA;
			remoteInfo = InfiniteScroll;
		};
/* End PBXContainerItemProxy section */

/* Begin PBXFileReference section */
		01DABC9B1A9B940700C096AA /* InfiniteScroll.app */ = {isa = PBXFileReference; explicitFileType = wrapper.application; includeInIndex = 0; path = InfiniteScroll.app; sourceTree = BUILT_PRODUCTS_DIR; };
		01DABC9F1A9B940700C096AA /* Info.plist */ = {isa = PBXFileReference; lastKnownFileType = text.plist.xml; path = Info.plist; sourceTree = "<group>"; };
		01DABCA01A9B940700C096AA /* main.m */ = {isa = PBXFileReference; lastKnownFileType = sourcecode.c.objc; path = main.m; sourceTree = "<group>"; };
		01DABCA21A9B940700C096AA /* AppDelegate.h */ = {isa = PBXFileReference; lastKnownFileType = sourcecode.c.h; path = AppDelegate.h; sourceTree = "<group>"; };
		01DABCA31A9B940700C096AA /* AppDelegate.m */ = {isa = PBXFileReference; lastKnownFileType = sourcecode.c.objc; path = AppDelegate.m; sourceTree = "<group>"; };
		01DABCA51A9B940700C096AA /* ViewController.h */ = {isa = PBXFileReference; lastKnownFileType = sourcecode.c.h; path = ViewController.h; sourceTree = "<group>"; };
		01DABCA61A9B940700C096AA /* ViewController.m */ = {isa = PBXFileReference; lastKnownFileType = sourcecode.c.objc; path = ViewController.m; sourceTree = "<group>"; };
		01DABCA91A9B940700C096AA /* Base */ = {isa = PBXFileReference; lastKnownFileType = file.storyboard; name = Base; path = Base.lproj/Main.storyboard; sourceTree = "<group>"; };
		01DABCAB1A9B940700C096AA /* Images.xcassets */ = {isa = PBXFileReference; lastKnownFileType = folder.assetcatalog; path = Images.xcassets; sourceTree = "<group>"; };
		01DABCAE1A9B940700C096AA /* Base */ = {isa = PBXFileReference; lastKnownFileType = file.xib; name = Base; path = Base.lproj/LaunchScreen.xib; sourceTree = "<group>"; };
		01DABCB41A9B940700C096AA /* InfiniteScrollTests.xctest */ = {isa = PBXFileReference; explicitFileType = wrapper.cfbundle; includeInIndex = 0; path = InfiniteScrollTests.xctest; sourceTree = BUILT_PRODUCTS_DIR; };
		01DABCB91A9B940700C096AA /* Info.plist */ = {isa = PBXFileReference; lastKnownFileType = text.plist.xml; path = Info.plist; sourceTree = "<group>"; };
		01DABCBA1A9B940700C096AA /* InfiniteScrollTests.m */ = {isa = PBXFileReference; lastKnownFileType = sourcecode.c.objc; path = InfiniteScrollTests.m; sourceTree = "<group>"; };
/* End PBXFileReference section */

/* Begin PBXFrameworksBuildPhase section */
		01DABC981A9B940700C096AA /* Frameworks */ = {
			isa = PBXFrameworksBuildPhase;
			buildActionMask = 2147483647;
			files = (
			);
			runOnlyForDeploymentPostprocessing = 0;
		};
		01DABCB11A9B940700C096AA /* Frameworks */ = {
			isa = PBXFrameworksBuildPhase;
			buildActionMask = 2147483647;
			files = (
			);
			runOnlyForDeploymentPostprocessing = 0;
		};
/* End PBXFrameworksBuildPhase section */

/* Begin PBXGroup section */
		01DABC921A9B940700C096AA = {
			isa = PBXGroup;
			children = (
				01DABC9D1A9B940700C096AA /* InfiniteScroll */,
				01DABCB71A9B940700C096AA /* InfiniteScrollTests */,
				01DABC9C1A9B940700C096AA /* Products */,
			);
			sourceTree = "<group>";
		};
		01DABC9C1A9B940700C096AA /* Products */ = {
			isa = PBXGroup;
			children = (
				01DABC9B1A9B940700C096AA /* InfiniteScroll.app */,
				01DABCB41A9B940700C096AA /* InfiniteScrollTests.xctest */,
			);
			name = Products;
			sourceTree = "<group>";
		};
		01DABC9D1A9B940700C096AA /* InfiniteScroll */ = {
			isa = PBXGroup;
			children = (
				01DABCA21A9B940700C096AA /* AppDelegate.h */,
				01DABCA31A9B940700C096AA /* AppDelegate.m */,
				01DABCA51A9B940700C096AA /* ViewController.h */,
				01DABCA61A9B940700C096AA /* ViewController.m */,
				01DABCA81A9B940700C096AA /* Main.storyboard */,
				01DABCAB1A9B940700C096AA /* Images.xcassets */,
				01DABCAD1A9B940700C096AA /* LaunchScreen.xib */,
				01DABC9E1A9B940700C096AA /* Supporting Files */,
			);
			path = InfiniteScroll;
			sourceTree = "<group>";
		};
		01DABC9E1A9B940700C096AA /* Supporting Files */ = {
			isa = PBXGroup;
			children = (
				01DABC9F1A9B940700C096AA /* Info.plist */,
				01DABCA01A9B940700C096AA /* main.m */,
			);
			name = "Supporting Files";
			sourceTree = "<group>";
		};
		01DABCB71A9B940700C096AA /* InfiniteScrollTests */ = {
			isa = PBXGroup;
			children = (
				01DABCBA1A9B940700C096AA /* InfiniteScrollTests.m */,
				01DABCB81A9B940700C096AA /* Supporting Files */,
			);
			path = InfiniteScrollTests;
			sourceTree = "<group>";
		};
		01DABCB81A9B940700C096AA /* Supporting Files */ = {
			isa = PBXGroup;
			children = (
				01DABCB91A9B940700C096AA /* Info.plist */,
			);
			name = "Supporting Files";
			sourceTree = "<group>";
		};
/* End PBXGroup section */

/* Begin PBXNativeTarget section */
		01DABC9A1A9B940700C096AA /* InfiniteScroll */ = {
			isa = PBXNativeTarget;
			buildConfigurationList = 01DABCBE1A9B940700C096AA /* Build configuration list for PBXNativeTarget "InfiniteScroll" */;
			buildPhases = (
				01DABC971A9B940700C096AA /* Sources */,
				01DABC981A9B940700C096AA /* Frameworks */,
				01DABC991A9B940700C096AA /* Resources */,
			);
			buildRules = (
			);
			dependencies = (
			);
			name = InfiniteScroll;
			productName = InfiniteScroll;
			productReference = 01DABC9B1A9B940700C096AA /* InfiniteScroll.app */;
			productType = "com.apple.product-type.application";
		};
		01DABCB31A9B940700C096AA /* InfiniteScrollTests */ = {
			isa = PBXNativeTarget;
			buildConfigurationList = 01DABCC11A9B940700C096AA /* Build configuration list for PBXNativeTarget "InfiniteScrollTests" */;
			buildPhases = (
				01DABCB01A9B940700C096AA /* Sources */,
				01DABCB11A9B940700C096AA /* Frameworks */,
				01DABCB21A9B940700C096AA /* Resources */,
			);
			buildRules = (
			);
			dependencies = (
				01DABCB61A9B940700C096AA /* PBXTargetDependency */,
			);
			name = InfiniteScrollTests;
			productName = InfiniteScrollTests;
			productReference = 01DABCB41A9B940700C096AA /* InfiniteScrollTests.xctest */;
			productType = "com.apple.product-type.bundle.unit-test";
		};
/* End PBXNativeTarget section */

/* Begin PBXProject section */
		01DABC931A9B940700C096AA /* Project object */ = {
			isa = PBXProject;
			attributes = {
				LastUpgradeCheck = 0610;
				ORGANIZATIONNAME = IronHack;
				TargetAttributes = {
					01DABC9A1A9B940700C096AA = {
						CreatedOnToolsVersion = 6.1.1;
					};
					01DABCB31A9B940700C096AA = {
						CreatedOnToolsVersion = 6.1.1;
						TestTargetID = 01DABC9A1A9B940700C096AA;
					};
				};
			};
			buildConfigurationList = 01DABC961A9B940700C096AA /* Build configuration list for PBXProject "InfiniteScroll" */;
			compatibilityVersion = "Xcode 3.2";
			developmentRegion = English;
			hasScannedForEncodings = 0;
			knownRegions = (
				en,
				Base,
			);
			mainGroup = 01DABC921A9B940700C096AA;
			productRefGroup = 01DABC9C1A9B940700C096AA /* Products */;
			projectDirPath = "";
			projectRoot = "";
			targets = (
				01DABC9A1A9B940700C096AA /* InfiniteScroll */,
				01DABCB31A9B940700C096AA /* InfiniteScrollTests */,
			);
		};
/* End PBXProject section */

/* Begin PBXResourcesBuildPhase section */
		01DABC991A9B940700C096AA /* Resources */ = {
			isa = PBXResourcesBuildPhase;
			buildActionMask = 2147483647;
			files = (
				01DABCAA1A9B940700C096AA /* Main.storyboard in Resources */,
				01DABCAF1A9B940700C096AA /* LaunchScreen.xib in Resources */,
				01DABCAC1A9B940700C096AA /* Images.xcassets in Resources */,
			);
			runOnlyForDeploymentPostprocessing = 0;
		};
		01DABCB21A9B940700C096AA /* Resources */ = {
			isa = PBXResourcesBuildPhase;
			buildActionMask = 2147483647;
			files = (
			);
			runOnlyForDeploymentPostprocessing = 0;
		};
/* End PBXResourcesBuildPhase section */

/* Begin PBXSourcesBuildPhase section */
		01DABC971A9B940700C096AA /* Sources */ = {
			isa = PBXSourcesBuildPhase;
			buildActionMask = 2147483647;
			files = (
				01DABCA71A9B940700C096AA /* ViewController.m in Sources */,
				01DABCA41A9B940700C096AA /* AppDelegate.m in Sources */,
				01DABCA11A9B940700C096AA /* main.m in Sources */,
			);
			runOnlyForDeploymentPostprocessing = 0;
		};
		01DABCB01A9B940700C096AA /* Sources */ = {
			isa = PBXSourcesBuildPhase;
			buildActionMask = 2147483647;
			files = (
				01DABCBB1A9B940700C096AA /* InfiniteScrollTests.m in Sources */,
			);
			runOnlyForDeploymentPostprocessing = 0;
		};
/* End PBXSourcesBuildPhase section */

/* Begin PBXTargetDependency section */
		01DABCB61A9B940700C096AA /* PBXTargetDependency */ = {
			isa = PBXTargetDependency;
			target = 01DABC9A1A9B940700C096AA /* InfiniteScroll */;
			targetProxy = 01DABCB51A9B940700C096AA /* PBXContainerItemProxy */;
		};
/* End PBXTargetDependency section */

/* Begin PBXVariantGroup section */
		01DABCA81A9B940700C096AA /* Main.storyboard */ = {
			isa = PBXVariantGroup;
			children = (
				01DABCA91A9B940700C096AA /* Base */,
			);
			name = Main.storyboard;
			sourceTree = "<group>";
		};
		01DABCAD1A9B940700C096AA /* LaunchScreen.xib */ = {
			isa = PBXVariantGroup;
			children = (
				01DABCAE1A9B940700C096AA /* Base */,
			);
			name = LaunchScreen.xib;
			sourceTree = "<group>";
		};
/* End PBXVariantGroup section */

/* Begin XCBuildConfiguration section */
		01DABCBC1A9B940700C096AA /* Debug */ = {
			isa = XCBuildConfiguration;
			buildSettings = {
				ALWAYS_SEARCH_USER_PATHS = NO;
				CLANG_CXX_LANGUAGE_STANDARD = "gnu++0x";
				CLANG_CXX_LIBRARY = "libc++";
				CLANG_ENABLE_MODULES = YES;
				CLANG_ENABLE_OBJC_ARC = YES;
				CLANG_WARN_BOOL_CONVERSION = YES;
				CLANG_WARN_CONSTANT_CONVERSION = YES;
				CLANG_WARN_DIRECT_OBJC_ISA_USAGE = YES_ERROR;
				CLANG_WARN_EMPTY_BODY = YES;
				CLANG_WARN_ENUM_CONVERSION = YES;
				CLANG_WARN_INT_CONVERSION = YES;
				CLANG_WARN_OBJC_ROOT_CLASS = YES_ERROR;
				CLANG_WARN_UNREACHABLE_CODE = YES;
				CLANG_WARN__DUPLICATE_METHOD_MATCH = YES;
				"CODE_SIGN_IDENTITY[sdk=iphoneos*]" = "iPhone Developer";
				COPY_PHASE_STRIP = NO;
				ENABLE_STRICT_OBJC_MSGSEND = YES;
				GCC_C_LANGUAGE_STANDARD = gnu99;
				GCC_DYNAMIC_NO_PIC = NO;
				GCC_OPTIMIZATION_LEVEL = 0;
				GCC_PREPROCESSOR_DEFINITIONS = (
					"DEBUG=1",
					"$(inherited)",
				);
				GCC_SYMBOLS_PRIVATE_EXTERN = NO;
				GCC_WARN_64_TO_32_BIT_CONVERSION = YES;
				GCC_WARN_ABOUT_RETURN_TYPE = YES_ERROR;
				GCC_WARN_UNDECLARED_SELECTOR = YES;
				GCC_WARN_UNINITIALIZED_AUTOS = YES_AGGRESSIVE;
				GCC_WARN_UNUSED_FUNCTION = YES;
				GCC_WARN_UNUSED_VARIABLE = YES;
				IPHONEOS_DEPLOYMENT_TARGET = 8.1;
				MTL_ENABLE_DEBUG_INFO = YES;
				ONLY_ACTIVE_ARCH = YES;
				SDKROOT = iphoneos;
			};
			name = Debug;
		};
		01DABCBD1A9B940700C096AA /* Release */ = {
			isa = XCBuildConfiguration;
			buildSettings = {
				ALWAYS_SEARCH_USER_PATHS = NO;
				CLANG_CXX_LANGUAGE_STANDARD = "gnu++0x";
				CLANG_CXX_LIBRARY = "libc++";
				CLANG_ENABLE_MODULES = YES;
				CLANG_ENABLE_OBJC_ARC = YES;
				CLANG_WARN_BOOL_CONVERSION = YES;
				CLANG_WARN_CONSTANT_CONVERSION = YES;
				CLANG_WARN_DIRECT_OBJC_ISA_USAGE = YES_ERROR;
				CLANG_WARN_EMPTY_BODY = YES;
				CLANG_WARN_ENUM_CONVERSION = YES;
				CLANG_WARN_INT_CONVERSION = YES;
				CLANG_WARN_OBJC_ROOT_CLASS = YES_ERROR;
				CLANG_WARN_UNREACHABLE_CODE = YES;
				CLANG_WARN__DUPLICATE_METHOD_MATCH = YES;
				"CODE_SIGN_IDENTITY[sdk=iphoneos*]" = "iPhone Developer";
				COPY_PHASE_STRIP = YES;
				ENABLE_NS_ASSERTIONS = NO;
				ENABLE_STRICT_OBJC_MSGSEND = YES;
				GCC_C_LANGUAGE_STANDARD = gnu99;
				GCC_WARN_64_TO_32_BIT_CONVERSION = YES;
				GCC_WARN_ABOUT_RETURN_TYPE = YES_ERROR;
				GCC_WARN_UNDECLARED_SELECTOR = YES;
				GCC_WARN_UNINITIALIZED_AUTOS = YES_AGGRESSIVE;
				GCC_WARN_UNUSED_FUNCTION = YES;
				GCC_WARN_UNUSED_VARIABLE = YES;
				IPHONEOS_DEPLOYMENT_TARGET = 8.1;
				MTL_ENABLE_DEBUG_INFO = NO;
				SDKROOT = iphoneos;
				VALIDATE_PRODUCT = YES;
			};
			name = Release;
		};
		01DABCBF1A9B940700C096AA /* Debug */ = {
			isa = XCBuildConfiguration;
			buildSettings = {
				ASSETCATALOG_COMPILER_APPICON_NAME = AppIcon;
				INFOPLIST_FILE = InfiniteScroll/Info.plist;
				LD_RUNPATH_SEARCH_PATHS = "$(inherited) @executable_path/Frameworks";
				PRODUCT_NAME = "$(TARGET_NAME)";
			};
			name = Debug;
		};
		01DABCC01A9B940700C096AA /* Release */ = {
			isa = XCBuildConfiguration;
			buildSettings = {
				ASSETCATALOG_COMPILER_APPICON_NAME = AppIcon;
				INFOPLIST_FILE = InfiniteScroll/Info.plist;
				LD_RUNPATH_SEARCH_PATHS = "$(inherited) @executable_path/Frameworks";
				PRODUCT_NAME = "$(TARGET_NAME)";
			};
			name = Release;
		};
		01DABCC21A9B940700C096AA /* Debug */ = {
			isa = XCBuildConfiguration;
			buildSettings = {
				BUNDLE_LOADER = "$(TEST_HOST)";
				FRAMEWORK_SEARCH_PATHS = (
					"$(SDKROOT)/Developer/Library/Frameworks",
					"$(inherited)",
				);
				GCC_PREPROCESSOR_DEFINITIONS = (
					"DEBUG=1",
					"$(inherited)",
				);
				INFOPLIST_FILE = InfiniteScrollTests/Info.plist;
				LD_RUNPATH_SEARCH_PATHS = "$(inherited) @executable_path/Frameworks @loader_path/Frameworks";
				PRODUCT_NAME = "$(TARGET_NAME)";
				TEST_HOST = "$(BUILT_PRODUCTS_DIR)/InfiniteScroll.app/InfiniteScroll";
			};
			name = Debug;
		};
		01DABCC31A9B940700C096AA /* Release */ = {
			isa = XCBuildConfiguration;
			buildSettings = {
				BUNDLE_LOADER = "$(TEST_HOST)";
				FRAMEWORK_SEARCH_PATHS = (
					"$(SDKROOT)/Developer/Library/Frameworks",
					"$(inherited)",
				);
				INFOPLIST_FILE = InfiniteScrollTests/Info.plist;
				LD_RUNPATH_SEARCH_PATHS = "$(inherited) @executable_path/Frameworks @loader_path/Frameworks";
				PRODUCT_NAME = "$(TARGET_NAME)";
				TEST_HOST = "$(BUILT_PRODUCTS_DIR)/InfiniteScroll.app/InfiniteScroll";
			};
			name = Release;
		};
/* End XCBuildConfiguration section */

/* Begin XCConfigurationList section */
		01DABC961A9B940700C096AA /* Build configuration list for PBXProject "InfiniteScroll" */ = {
			isa = XCConfigurationList;
			buildConfigurations = (
				01DABCBC1A9B940700C096AA /* Debug */,
				01DABCBD1A9B940700C096AA /* Release */,
			);
			defaultConfigurationIsVisible = 0;
			defaultConfigurationName = Release;
		};
		01DABCBE1A9B940700C096AA /* Build configuration list for PBXNativeTarget "InfiniteScroll" */ = {
			isa = XCConfigurationList;
			buildConfigurations = (
				01DABCBF1A9B940700C096AA /* Debug */,
				01DABCC01A9B940700C096AA /* Release */,
			);
			defaultConfigurationIsVisible = 0;
		};
		01DABCC11A9B940700C096AA /* Build configuration list for PBXNativeTarget "InfiniteScrollTests" */ = {
			isa = XCConfigurationList;
			buildConfigurations = (
				01DABCC21A9B940700C096AA /* Debug */,
				01DABCC31A9B940700C096AA /* Release */,
			);
			defaultConfigurationIsVisible = 0;
		};
/* End XCConfigurationList section */
	};
	rootObject = 01DABC931A9B940700C096AA /* Project object */;
}
